{
<<<<<<< HEAD
  "name": "restauranteproject",
  "version": "1.0.0",
  "lockfileVersion": 3,
  "requires": true,
  "packages": {
    "": {
      "name": "restauranteproject",
      "version": "1.0.0",
      "license": "ISC"
    }
  }
=======
  "name": "projetoExtensao-main",
  "lockfileVersion": 3,
  "requires": true,
  "packages": {}
>>>>>>> aceea83 (Update 1)
}
